
Microsoft Visual Studio Solution File, Format Version 12.00
# Visual Studio Version 17
VisualStudioVersion = 17.6.33829.357
MinimumVisualStudioVersion = 10.0.40219.1
Project("{FAE04EC0-301F-11D3-BF4B-00C04F79EFBC}") = "ToDoApp", "ToDoApp\ToDoApp.csproj", "{CCDD85F7-CC8A-42E0-8C34-C4711CB6CFD9}"
EndProject
Global
	GlobalSection(SolutionConfigurationPlatforms) = preSolution
		Debug|Any CPU = Debug|Any CPU
		Release|Any CPU = Release|Any CPU
	EndGlobalSection
	GlobalSection(ProjectConfigurationPlatforms) = postSolution
		{CCDD85F7-CC8A-42E0-8C34-C4711CB6CFD9}.Debug|Any CPU.ActiveCfg = Debug|Any CPU
		{CCDD85F7-CC8A-42E0-8C34-C4711CB6CFD9}.Debug|Any CPU.Build.0 = Debug|Any CPU
		{CCDD85F7-CC8A-42E0-8C34-C4711CB6CFD9}.Release|Any CPU.ActiveCfg = Release|Any CPU
		{CCDD85F7-CC8A-42E0-8C34-C4711CB6CFD9}.Release|Any CPU.Build.0 = Release|Any CPU
	EndGlobalSection
	GlobalSection(SolutionProperties) = preSolution
		HideSolutionNode = FALSE
	EndGlobalSection
	GlobalSection(ExtensibilityGlobals) = postSolution
		SolutionGuid = {2E2DE9AA-0B5B-455A-AA0F-BF192EFD0C15}
	EndGlobalSection
EndGlobal
